
Microsoft Visual Studio Solution File, Format Version 12.00
Project("{FAE04EC0-301F-11D3-BF4B-00C04F79EFBC}") = "GorillaTest.ThomasWright", "GorillaTest.ThomasWright\GorillaTest.ThomasWright.csproj", "{2738EEA7-A4DE-4177-BF7A-B3979F7DBA74}"
EndProject
Project("{FAE04EC0-301F-11D3-BF4B-00C04F79EFBC}") = "GorillaTest.ThomasWright.Tests", "GorillaTest.ThomasWright.Tests\GorillaTest.ThomasWright.Tests.csproj", "{A1BB0B79-BB4D-4A44-A11C-13BE0984D744}"
EndProject
Global
	GlobalSection(SolutionConfigurationPlatforms) = preSolution
		Debug|Any CPU = Debug|Any CPU
		Release|Any CPU = Release|Any CPU
	EndGlobalSection
	GlobalSection(ProjectConfigurationPlatforms) = postSolution
		{2738EEA7-A4DE-4177-BF7A-B3979F7DBA74}.Debug|Any CPU.ActiveCfg = Debug|Any CPU
		{2738EEA7-A4DE-4177-BF7A-B3979F7DBA74}.Debug|Any CPU.Build.0 = Debug|Any CPU
		{2738EEA7-A4DE-4177-BF7A-B3979F7DBA74}.Release|Any CPU.ActiveCfg = Release|Any CPU
		{2738EEA7-A4DE-4177-BF7A-B3979F7DBA74}.Release|Any CPU.Build.0 = Release|Any CPU
		{A1BB0B79-BB4D-4A44-A11C-13BE0984D744}.Debug|Any CPU.ActiveCfg = Debug|Any CPU
		{A1BB0B79-BB4D-4A44-A11C-13BE0984D744}.Debug|Any CPU.Build.0 = Debug|Any CPU
		{A1BB0B79-BB4D-4A44-A11C-13BE0984D744}.Release|Any CPU.ActiveCfg = Release|Any CPU
		{A1BB0B79-BB4D-4A44-A11C-13BE0984D744}.Release|Any CPU.Build.0 = Release|Any CPU
	EndGlobalSection
EndGlobal
